# This file is autogenerated, do not edit; changes may be undone by the next 'dep ensure'.


[[projects]]
  digest = "1:0d9fbf9830904c8c43b860c49664754c18913eb2a7e1c868edb212a838e2cdbd"
  name = "github.com/Microsoft/go-winio"
  packages = ["."]
  pruneopts = "UT"
  revision = "fff283ad5116362ca252298cfc9b95828956d85d"
  version = "v0.3.8"

[[projects]]
  digest = "1:f3b6664d93ffaee13d93f1dcab4f30ce64204c4b24dda73695ecc8e686645d1b"
  name = "github.com/Sirupsen/logrus"
  packages = ["."]
  pruneopts = "UT"
  revision = "v0.11.0"

[[projects]]
  digest = "1:6b5297ed2caa15361468ddbb4add02a8498b2c1082c3ac0a7eb0dde01f13428a"
  name = "github.com/docker/distribution"
  packages = [
    "digest",
    "reference",
  ]
  pruneopts = "UT"
  revision = "28602af35aceda2f8d571bad7ca37a54cf0250bc"

[[projects]]
  digest = "1:58287951ff22d1417122576c8c7ea36d9fea5bdf359c2691b440a4615c0086c3"
  name = "github.com/docker/docker"
  packages = [
    "api/types",
    "api/types/blkiodev",
    "api/types/container",
    "api/types/events",
    "api/types/filters",
    "api/types/mount",
    "api/types/network",
    "api/types/reference",
    "api/types/registry",
    "api/types/strslice",
    "api/types/swarm",
    "api/types/time",
    "api/types/versions",
    "api/types/volume",
    "client",
    "pkg/tlsconfig",
  ]
  pruneopts = "UT"
  revision = "f5ec1e2936dcbe7b5001c2b817188b095c700c27"
  version = "v17.03.2-ce"

[[projects]]
  digest = "1:07bb488a98c1191b663ca88f48f2a8e6576495fba83d270eeb3bf627e0f8001d"
  name = "github.com/docker/go-connections"
  packages = [
    "nat",
    "sockets",
    "tlsconfig",
  ]
  pruneopts = "UT"
  revision = "ecb4cb2dd420ada7df7f2593d6c25441f65f69f2"

[[projects]]
  digest = "1:aaf8d8f8ffb92e0c4985a8796655071cb9a1870c585ad50d968f78931b871a98"
  name = "github.com/docker/go-units"
  packages = ["."]
  pruneopts = "UT"
  revision = "8a7beacffa3009a9ac66bad506b18ffdd110cf97"

[[projects]]
  digest = "1:dd6a60f57fca8adc9ea7f76270d58c745a33b8df5424ec70efdde8741e419b4a"
  name = "github.com/eclipse/che"
  packages = [
    "agents/go-agents/core/jsonrpc",
    "agents/go-agents/core/jsonrpc/jsonrpcws",
    "agents/go-agents/core/rest",
  ]
  pruneopts = "UT"
  revision = "95f1b5b0ee12b822960ace9af40bd6961d78f732"
  version = "6.4.0"

[[projects]]
  digest = "1:7b2d9edc266a35bc21982adea3810f67a97733889ff1fb550a71b24af2e084dd"
  name = "github.com/eclipse/che-lib"
  packages = ["websocket"]
  pruneopts = "UT"
  revision = "d3c875d289c351defb364b8aee7e7932e0de4fa5"
  version = "6.4.0"

[[projects]]
  digest = "1:b1888d094847a5198b91d76a299e45c2c8debe9f9b9eb9a6e7b1dc7ec2a27513"
  name = "github.com/gorilla/websocket"
  packages = ["."]
  pruneopts = "UT"
  revision = "361d4c0ffd78338ebe0a9e6320cdbe115d7dc026"

[[projects]]
  digest = "1:96ffeb0c3df79ef8ec60b22cd18d9a2d12747166caec50578eccf9ffb19ac1c7"
  name = "github.com/julienschmidt/httprouter"
  packages = ["."]
  pruneopts = "UT"
  revision = "4563b0ba73e4db6c6423b60a26f3cadd2e9a1ec9"

[[projects]]
  digest = "1:38ee335aedf4626620f3cf8f605661e71abdcce7b40b38921962beb3980f0a20"
  name = "github.com/opencontainers/runc"
  packages = ["libcontainer/user"]
  pruneopts = "UT"
  revision = "baf6536d6259209c3edfa2b22237af82942d3dfa"
  version = "v0.1.1"

[[projects]]
  digest = "1:40e195917a951a8bf867cd05de2a46aaf1806c50cf92eebf4c16f78cd196f747"
  name = "github.com/pkg/errors"
  packages = ["."]
  pruneopts = "UT"
  revision = "645ef00459ed84a119197bfb8d8205042c6df63d"
  version = "v0.8.0"

[[projects]]
  branch = "master"
  digest = "1:58cb5fbdf85e1f468c749aa31773ff102866831106f52762b2823ae235ca11e7"
  name = "golang.org/x/net"
  packages = [
    "context",
    "context/ctxhttp",
    "internal/socks",
    "proxy",
  ]
  pruneopts = "UT"
  revision = "922f4815f713f213882e8ef45e0d315b164d705c"

[[projects]]
  branch = "master"
  digest = "1:48774faa158e9eaee1ba45aad66434bb0345927b43756a24d4fe4c44ad79e307"
  name = "golang.org/x/sys"
  packages = [
    "unix",
    "windows",
  ]
  pruneopts = "UT"
  revision = "3b58ed4ad3395d483fc92d5d14123ce2c3581fec"

[solve-meta]
  analyzer-name = "dep"
  analyzer-version = 1
  input-imports = [
    "github.com/docker/docker/api/types",
    "github.com/docker/docker/api/types/filters",
    "github.com/docker/docker/client",
    "github.com/eclipse/che/agents/go-agents/core/jsonrpc",
    "github.com/eclipse/che/agents/go-agents/core/jsonrpc/jsonrpcws",
    "github.com/eclipse/che/agents/go-agents/core/rest",
    "github.com/gorilla/websocket",
    "golang.org/x/net/context",
  ]
  solver-name = "gps-cdcl"
  solver-version = 1
